PODS:
  - ARCL (1.0.1)
  - CocoaLumberjack/Default (3.3.0)
  - CocoaLumberjack/Swift (3.3.0):
    - CocoaLumberjack/Default

DEPENDENCIES:
  - ARCL
  - CocoaLumberjack/Swift (from `https://github.com/CocoaLumberjack/CocoaLumberjack`, branch `master`)

EXTERNAL SOURCES:
  CocoaLumberjack:
    :branch: master
    :git: https://github.com/CocoaLumberjack/CocoaLumberjack

CHECKOUT OPTIONS:
  CocoaLumberjack:
    :commit: af58d6f666de0e0783625f75f13b0a4757f256fe
    :git: https://github.com/CocoaLumberjack/CocoaLumberjack

SPEC CHECKSUMS:
  ARCL: 193b108d6fd5277ce742be3af92ccf81bbdd2f3b
  CocoaLumberjack: eadb54b41bba07d02c55a0bc634297328c7257ba

PODFILE CHECKSUM: d9264206ea41bf46b66d17169a1a7aef29538c0c

COCOAPODS: 1.2.1
