PODS:
  - Alamofire (4.5.1)
  - ARCL (1.0.1)
  - CocoaLumberjack/Default (3.3.0)
  - CocoaLumberjack/Swift (3.3.0):
    - CocoaLumberjack/Default
  - SwiftyJSON (3.1.4)

DEPENDENCIES:
  - Alamofire (~> 4.5)
  - ARCL
  - CocoaLumberjack/Swift (from `https://github.com/CocoaLumberjack/CocoaLumberjack`, branch `master`)
  - SwiftyJSON

EXTERNAL SOURCES:
  CocoaLumberjack:
    :branch: master
    :git: https://github.com/CocoaLumberjack/CocoaLumberjack

CHECKOUT OPTIONS:
  CocoaLumberjack:
    :commit: af58d6f666de0e0783625f75f13b0a4757f256fe
    :git: https://github.com/CocoaLumberjack/CocoaLumberjack

SPEC CHECKSUMS:
  Alamofire: 2d95912bf4c34f164fdfc335872e8c312acaea4a
  ARCL: 193b108d6fd5277ce742be3af92ccf81bbdd2f3b
  CocoaLumberjack: eadb54b41bba07d02c55a0bc634297328c7257ba
  SwiftyJSON: c2842d878f95482ffceec5709abc3d05680c0220

PODFILE CHECKSUM: ad8b0057822be11737be1164937f8e51b0f1d2bd

COCOAPODS: 1.3.1
